// !$*UTF8*$!
{
	archiveVersion = 1;
	classes = {
	};
	objectVersion = 46;
	objects = {

/* Begin PBXBuildFile section */
		553959BF1F2A022400FDDE7A /* PaiSet.swift in Sources */ = {isa = PBXBuildFile; fileRef = 553959BE1F2A022400FDDE7A /* PaiSet.swift */; };
		553F0C111F275519003816E5 /* AppDelegate.swift in Sources */ = {isa = PBXBuildFile; fileRef = 553F0C101F275519003816E5 /* AppDelegate.swift */; };
		553F0C131F275519003816E5 /* ViewController.swift in Sources */ = {isa = PBXBuildFile; fileRef = 553F0C121F275519003816E5 /* ViewController.swift */; };
		553F0C161F275519003816E5 /* Main.storyboard in Resources */ = {isa = PBXBuildFile; fileRef = 553F0C141F275519003816E5 /* Main.storyboard */; };
		553F0C181F275519003816E5 /* Assets.xcassets in Resources */ = {isa = PBXBuildFile; fileRef = 553F0C171F275519003816E5 /* Assets.xcassets */; };
		553F0C1B1F275519003816E5 /* LaunchScreen.storyboard in Resources */ = {isa = PBXBuildFile; fileRef = 553F0C191F275519003816E5 /* LaunchScreen.storyboard */; };
		553F0C261F275519003816E5 /* MajanPlatformTests.swift in Sources */ = {isa = PBXBuildFile; fileRef = 553F0C251F275519003816E5 /* MajanPlatformTests.swift */; };
		553F0C311F275519003816E5 /* MajanPlatformUITests.swift in Sources */ = {isa = PBXBuildFile; fileRef = 553F0C301F275519003816E5 /* MajanPlatformUITests.swift */; };
		553F0C411F27606A003816E5 /* ji1-66-90-s-emb.png in Resources */ = {isa = PBXBuildFile; fileRef = 553F0C401F27606A003816E5 /* ji1-66-90-s-emb.png */; };
		553F0C431F2763F9003816E5 /* ji2-66-90-s-emb.png in Resources */ = {isa = PBXBuildFile; fileRef = 553F0C421F2763F9003816E5 /* ji2-66-90-s-emb.png */; };
		553F0C641F276423003816E5 /* ji3-66-90-s-emb.png in Resources */ = {isa = PBXBuildFile; fileRef = 553F0C441F276423003816E5 /* ji3-66-90-s-emb.png */; };
		553F0C651F276423003816E5 /* ji4-66-90-s-emb.png in Resources */ = {isa = PBXBuildFile; fileRef = 553F0C451F276423003816E5 /* ji4-66-90-s-emb.png */; };
		553F0C661F276423003816E5 /* ji5-66-90-s-emb.png in Resources */ = {isa = PBXBuildFile; fileRef = 553F0C461F276423003816E5 /* ji5-66-90-s-emb.png */; };
		553F0C681F276423003816E5 /* ji7-66-90-s-emb.png in Resources */ = {isa = PBXBuildFile; fileRef = 553F0C481F276423003816E5 /* ji7-66-90-s-emb.png */; };
		553F0C851F2764D7003816E5 /* ji6-66-90-s-yoko-emb.png in Resources */ = {isa = PBXBuildFile; fileRef = 553F0C841F2764D7003816E5 /* ji6-66-90-s-yoko-emb.png */; };
		553F0CA11F277708003816E5 /* man1-66-90-s-emb.png in Resources */ = {isa = PBXBuildFile; fileRef = 553F0C861F277707003816E5 /* man1-66-90-s-emb.png */; };
		553F0CA21F277708003816E5 /* man2-66-90-s-emb.png in Resources */ = {isa = PBXBuildFile; fileRef = 553F0C871F277707003816E5 /* man2-66-90-s-emb.png */; };
		553F0CA31F277708003816E5 /* man3-66-90-s-emb.png in Resources */ = {isa = PBXBuildFile; fileRef = 553F0C881F277707003816E5 /* man3-66-90-s-emb.png */; };
		553F0CA41F277708003816E5 /* man4-66-90-s-emb.png in Resources */ = {isa = PBXBuildFile; fileRef = 553F0C891F277707003816E5 /* man4-66-90-s-emb.png */; };
		553F0CA51F277708003816E5 /* man5-66-90-s-emb.png in Resources */ = {isa = PBXBuildFile; fileRef = 553F0C8A1F277707003816E5 /* man5-66-90-s-emb.png */; };
		553F0CA61F277708003816E5 /* man6-66-90-s-emb.png in Resources */ = {isa = PBXBuildFile; fileRef = 553F0C8B1F277707003816E5 /* man6-66-90-s-emb.png */; };
		553F0CA71F277708003816E5 /* man7-66-90-s-emb.png in Resources */ = {isa = PBXBuildFile; fileRef = 553F0C8C1F277707003816E5 /* man7-66-90-s-emb.png */; };
		553F0CA81F277708003816E5 /* man8-66-90-s-emb.png in Resources */ = {isa = PBXBuildFile; fileRef = 553F0C8D1F277707003816E5 /* man8-66-90-s-emb.png */; };
		553F0CA91F277708003816E5 /* man9-66-90-s-emb.png in Resources */ = {isa = PBXBuildFile; fileRef = 553F0C8E1F277707003816E5 /* man9-66-90-s-emb.png */; };
		553F0CAA1F277708003816E5 /* pin1-66-90-s-emb.png in Resources */ = {isa = PBXBuildFile; fileRef = 553F0C8F1F277707003816E5 /* pin1-66-90-s-emb.png */; };
		553F0CAB1F277708003816E5 /* pin2-66-90-s-emb.png in Resources */ = {isa = PBXBuildFile; fileRef = 553F0C901F277707003816E5 /* pin2-66-90-s-emb.png */; };
		553F0CAC1F277708003816E5 /* pin3-66-90-s-emb.png in Resources */ = {isa = PBXBuildFile; fileRef = 553F0C911F277707003816E5 /* pin3-66-90-s-emb.png */; };
		553F0CAD1F277708003816E5 /* pin4-66-90-s-emb.png in Resources */ = {isa = PBXBuildFile; fileRef = 553F0C921F277707003816E5 /* pin4-66-90-s-emb.png */; };
		553F0CAE1F277708003816E5 /* pin5-66-90-s-emb.png in Resources */ = {isa = PBXBuildFile; fileRef = 553F0C931F277707003816E5 /* pin5-66-90-s-emb.png */; };
		553F0CAF1F277708003816E5 /* pin6-66-90-s-emb.png in Resources */ = {isa = PBXBuildFile; fileRef = 553F0C941F277707003816E5 /* pin6-66-90-s-emb.png */; };
		553F0CB01F277708003816E5 /* pin7-66-90-s-emb.png in Resources */ = {isa = PBXBuildFile; fileRef = 553F0C951F277707003816E5 /* pin7-66-90-s-emb.png */; };
		553F0CB11F277708003816E5 /* pin8-66-90-s-emb.png in Resources */ = {isa = PBXBuildFile; fileRef = 553F0C961F277707003816E5 /* pin8-66-90-s-emb.png */; };
		553F0CB21F277708003816E5 /* pin9-66-90-s-emb.png in Resources */ = {isa = PBXBuildFile; fileRef = 553F0C971F277707003816E5 /* pin9-66-90-s-emb.png */; };
		553F0CB31F277708003816E5 /* sou1-66-90-s-emb.png in Resources */ = {isa = PBXBuildFile; fileRef = 553F0C981F277707003816E5 /* sou1-66-90-s-emb.png */; };
		553F0CB41F277708003816E5 /* sou2-66-90-s-emb.png in Resources */ = {isa = PBXBuildFile; fileRef = 553F0C991F277707003816E5 /* sou2-66-90-s-emb.png */; };
		553F0CB51F277708003816E5 /* sou3-66-90-s-emb.png in Resources */ = {isa = PBXBuildFile; fileRef = 553F0C9A1F277707003816E5 /* sou3-66-90-s-emb.png */; };
		553F0CB61F277708003816E5 /* sou4-66-90-s-emb.png in Resources */ = {isa = PBXBuildFile; fileRef = 553F0C9B1F277707003816E5 /* sou4-66-90-s-emb.png */; };
		553F0CB71F277708003816E5 /* sou5-66-90-s-emb.png in Resources */ = {isa = PBXBuildFile; fileRef = 553F0C9C1F277708003816E5 /* sou5-66-90-s-emb.png */; };
		553F0CB81F277708003816E5 /* sou6-66-90-s-emb.png in Resources */ = {isa = PBXBuildFile; fileRef = 553F0C9D1F277708003816E5 /* sou6-66-90-s-emb.png */; };
		553F0CB91F277708003816E5 /* sou7-66-90-s-emb.png in Resources */ = {isa = PBXBuildFile; fileRef = 553F0C9E1F277708003816E5 /* sou7-66-90-s-emb.png */; };
		553F0CBA1F277708003816E5 /* sou8-66-90-s-emb.png in Resources */ = {isa = PBXBuildFile; fileRef = 553F0C9F1F277708003816E5 /* sou8-66-90-s-emb.png */; };
		553F0CBB1F277708003816E5 /* sou9-66-90-s-emb.png in Resources */ = {isa = PBXBuildFile; fileRef = 553F0CA01F277708003816E5 /* sou9-66-90-s-emb.png */; };
		5546038F1F2DA29100930EA8 /* defaultPai.png in Resources */ = {isa = PBXBuildFile; fileRef = 5546038E1F2DA29100930EA8 /* defaultPai.png */; };
		554603931F2DAFDB00930EA8 /* ji1-yoko.png in Resources */ = {isa = PBXBuildFile; fileRef = 554603921F2DAFDB00930EA8 /* ji1-yoko.png */; };
		554603951F2DAFE600930EA8 /* ji1-shurink.png in Resources */ = {isa = PBXBuildFile; fileRef = 554603941F2DAFE600930EA8 /* ji1-shurink.png */; };
		554603971F2DB44000930EA8 /* default-shrink.png in Resources */ = {isa = PBXBuildFile; fileRef = 554603961F2DB44000930EA8 /* default-shrink.png */; };
		554603991F2DB44500930EA8 /* default-yoko.png in Resources */ = {isa = PBXBuildFile; fileRef = 554603981F2DB44500930EA8 /* default-yoko.png */; };
		554603DC1F2DC56000930EA8 /* ji2-shrink.png in Resources */ = {isa = PBXBuildFile; fileRef = 5546039A1F2DC56000930EA8 /* ji2-shrink.png */; };
		554603DD1F2DC56000930EA8 /* ji2-yoko.png in Resources */ = {isa = PBXBuildFile; fileRef = 5546039B1F2DC56000930EA8 /* ji2-yoko.png */; };
		554603DE1F2DC56000930EA8 /* ji3-shrink.png in Resources */ = {isa = PBXBuildFile; fileRef = 5546039C1F2DC56000930EA8 /* ji3-shrink.png */; };
		554603DF1F2DC56000930EA8 /* ji3-yoko.png in Resources */ = {isa = PBXBuildFile; fileRef = 5546039D1F2DC56000930EA8 /* ji3-yoko.png */; };
		554603E01F2DC56000930EA8 /* ji4-shrink.png in Resources */ = {isa = PBXBuildFile; fileRef = 5546039E1F2DC56000930EA8 /* ji4-shrink.png */; };
		554603E11F2DC56000930EA8 /* ji4-yoko.png in Resources */ = {isa = PBXBuildFile; fileRef = 5546039F1F2DC56000930EA8 /* ji4-yoko.png */; };
		554603E21F2DC56000930EA8 /* ji5-shrink.png in Resources */ = {isa = PBXBuildFile; fileRef = 554603A01F2DC56000930EA8 /* ji5-shrink.png */; };
		554603E31F2DC56000930EA8 /* ji5-yoko.png in Resources */ = {isa = PBXBuildFile; fileRef = 554603A11F2DC56000930EA8 /* ji5-yoko.png */; };
		554603E41F2DC56000930EA8 /* ji6-shrink.png in Resources */ = {isa = PBXBuildFile; fileRef = 554603A21F2DC56000930EA8 /* ji6-shrink.png */; };
		554603E51F2DC56000930EA8 /* ji6-yoko.png in Resources */ = {isa = PBXBuildFile; fileRef = 554603A31F2DC56000930EA8 /* ji6-yoko.png */; };
		554603E61F2DC56000930EA8 /* ji7-shrink.png in Resources */ = {isa = PBXBuildFile; fileRef = 554603A41F2DC56000930EA8 /* ji7-shrink.png */; };
		554603E71F2DC56000930EA8 /* ji7-yoko.png in Resources */ = {isa = PBXBuildFile; fileRef = 554603A51F2DC56000930EA8 /* ji7-yoko.png */; };
		554603E81F2DC56000930EA8 /* man1-shrink.png in Resources */ = {isa = PBXBuildFile; fileRef = 554603A61F2DC56000930EA8 /* man1-shrink.png */; };
		554603E91F2DC56000930EA8 /* man1-yoko.png in Resources */ = {isa = PBXBuildFile; fileRef = 554603A71F2DC56000930EA8 /* man1-yoko.png */; };
		554603EA1F2DC56000930EA8 /* man2-shrink.png in Resources */ = {isa = PBXBuildFile; fileRef = 554603A81F2DC56000930EA8 /* man2-shrink.png */; };
		554603EB1F2DC56000930EA8 /* man2-yoko.png in Resources */ = {isa = PBXBuildFile; fileRef = 554603A91F2DC56000930EA8 /* man2-yoko.png */; };
		554603EC1F2DC56000930EA8 /* man3-shrink.png in Resources */ = {isa = PBXBuildFile; fileRef = 554603AA1F2DC56000930EA8 /* man3-shrink.png */; };
		554603ED1F2DC56000930EA8 /* man3-yoko.png in Resources */ = {isa = PBXBuildFile; fileRef = 554603AB1F2DC56000930EA8 /* man3-yoko.png */; };
		554603EE1F2DC56000930EA8 /* man4-shrink.png in Resources */ = {isa = PBXBuildFile; fileRef = 554603AC1F2DC56000930EA8 /* man4-shrink.png */; };
		554603EF1F2DC56100930EA8 /* man4-yoko.png in Resources */ = {isa = PBXBuildFile; fileRef = 554603AD1F2DC56000930EA8 /* man4-yoko.png */; };
		554603F01F2DC56100930EA8 /* man5-shrink.png in Resources */ = {isa = PBXBuildFile; fileRef = 554603AE1F2DC56000930EA8 /* man5-shrink.png */; };
		554603F11F2DC56100930EA8 /* man5-yoko.png in Resources */ = {isa = PBXBuildFile; fileRef = 554603AF1F2DC56000930EA8 /* man5-yoko.png */; };
		554603F21F2DC56100930EA8 /* man6-shrink.png in Resources */ = {isa = PBXBuildFile; fileRef = 554603B01F2DC56000930EA8 /* man6-shrink.png */; };
		554603F31F2DC56100930EA8 /* man6-yoko.png in Resources */ = {isa = PBXBuildFile; fileRef = 554603B11F2DC56000930EA8 /* man6-yoko.png */; };
		554603F41F2DC56100930EA8 /* man7-shrink.png in Resources */ = {isa = PBXBuildFile; fileRef = 554603B21F2DC56000930EA8 /* man7-shrink.png */; };
		554603F51F2DC56100930EA8 /* man7-yoko.png in Resources */ = {isa = PBXBuildFile; fileRef = 554603B31F2DC56000930EA8 /* man7-yoko.png */; };
		554603F61F2DC56100930EA8 /* man8-shrink.png in Resources */ = {isa = PBXBuildFile; fileRef = 554603B41F2DC56000930EA8 /* man8-shrink.png */; };
		554603F71F2DC56100930EA8 /* man8-yoko.png in Resources */ = {isa = PBXBuildFile; fileRef = 554603B51F2DC56000930EA8 /* man8-yoko.png */; };
		554603F81F2DC56100930EA8 /* man9-shrink.png in Resources */ = {isa = PBXBuildFile; fileRef = 554603B61F2DC56000930EA8 /* man9-shrink.png */; };
		554603F91F2DC56100930EA8 /* man9-yoko.png in Resources */ = {isa = PBXBuildFile; fileRef = 554603B71F2DC56000930EA8 /* man9-yoko.png */; };
		554603FA1F2DC56100930EA8 /* pin1-shrink.png in Resources */ = {isa = PBXBuildFile; fileRef = 554603B81F2DC56000930EA8 /* pin1-shrink.png */; };
		554603FB1F2DC56100930EA8 /* pin1-yoko.png in Resources */ = {isa = PBXBuildFile; fileRef = 554603B91F2DC56000930EA8 /* pin1-yoko.png */; };
		554603FC1F2DC56100930EA8 /* pin2-shrink.png in Resources */ = {isa = PBXBuildFile; fileRef = 554603BA1F2DC56000930EA8 /* pin2-shrink.png */; };
		554603FD1F2DC56100930EA8 /* pin2-yoko.png in Resources */ = {isa = PBXBuildFile; fileRef = 554603BB1F2DC56000930EA8 /* pin2-yoko.png */; };
		554603FE1F2DC56100930EA8 /* pin3-shrink.png in Resources */ = {isa = PBXBuildFile; fileRef = 554603BC1F2DC56000930EA8 /* pin3-shrink.png */; };
		554603FF1F2DC56100930EA8 /* pin3-yoko.png in Resources */ = {isa = PBXBuildFile; fileRef = 554603BD1F2DC56000930EA8 /* pin3-yoko.png */; };
		554604001F2DC56100930EA8 /* pin4-shrink.png in Resources */ = {isa = PBXBuildFile; fileRef = 554603BE1F2DC56000930EA8 /* pin4-shrink.png */; };
		554604011F2DC56100930EA8 /* pin4-yoko.png in Resources */ = {isa = PBXBuildFile; fileRef = 554603BF1F2DC56000930EA8 /* pin4-yoko.png */; };
		554604021F2DC56100930EA8 /* pin5-shrink.png in Resources */ = {isa = PBXBuildFile; fileRef = 554603C01F2DC56000930EA8 /* pin5-shrink.png */; };
		554604031F2DC56100930EA8 /* pin5-yoko.png in Resources */ = {isa = PBXBuildFile; fileRef = 554603C11F2DC56000930EA8 /* pin5-yoko.png */; };
		554604041F2DC56100930EA8 /* pin6-shrink.png in Resources */ = {isa = PBXBuildFile; fileRef = 554603C21F2DC56000930EA8 /* pin6-shrink.png */; };
		554604051F2DC56100930EA8 /* pin6-yoko.png in Resources */ = {isa = PBXBuildFile; fileRef = 554603C31F2DC56000930EA8 /* pin6-yoko.png */; };
		554604061F2DC56100930EA8 /* pin7-shrink.png in Resources */ = {isa = PBXBuildFile; fileRef = 554603C41F2DC56000930EA8 /* pin7-shrink.png */; };
		554604071F2DC56100930EA8 /* pin7-yoko.png in Resources */ = {isa = PBXBuildFile; fileRef = 554603C51F2DC56000930EA8 /* pin7-yoko.png */; };
		554604081F2DC56100930EA8 /* pin8-shrink.png in Resources */ = {isa = PBXBuildFile; fileRef = 554603C61F2DC56000930EA8 /* pin8-shrink.png */; };
		554604091F2DC56100930EA8 /* pin8-yoko.png in Resources */ = {isa = PBXBuildFile; fileRef = 554603C71F2DC56000930EA8 /* pin8-yoko.png */; };
		5546040A1F2DC56100930EA8 /* pin9-shrink.png in Resources */ = {isa = PBXBuildFile; fileRef = 554603C81F2DC56000930EA8 /* pin9-shrink.png */; };
		5546040B1F2DC56100930EA8 /* pin9-yoko.png in Resources */ = {isa = PBXBuildFile; fileRef = 554603C91F2DC56000930EA8 /* pin9-yoko.png */; };
		5546040C1F2DC56100930EA8 /* sou1-shrink.png in Resources */ = {isa = PBXBuildFile; fileRef = 554603CA1F2DC56000930EA8 /* sou1-shrink.png */; };
		5546040D1F2DC56100930EA8 /* sou1-yoko.png in Resources */ = {isa = PBXBuildFile; fileRef = 554603CB1F2DC56000930EA8 /* sou1-yoko.png */; };
		5546040E1F2DC56100930EA8 /* sou2-shrink.png in Resources */ = {isa = PBXBuildFile; fileRef = 554603CC1F2DC56000930EA8 /* sou2-shrink.png */; };
		5546040F1F2DC56100930EA8 /* sou2-yoko.png in Resources */ = {isa = PBXBuildFile; fileRef = 554603CD1F2DC56000930EA8 /* sou2-yoko.png */; };
		554604101F2DC56100930EA8 /* sou3-shrink.png in Resources */ = {isa = PBXBuildFile; fileRef = 554603CE1F2DC56000930EA8 /* sou3-shrink.png */; };
		554604111F2DC56100930EA8 /* sou3-yoko.png in Resources */ = {isa = PBXBuildFile; fileRef = 554603CF1F2DC56000930EA8 /* sou3-yoko.png */; };
		554604121F2DC56100930EA8 /* sou4-shrink.png in Resources */ = {isa = PBXBuildFile; fileRef = 554603D01F2DC56000930EA8 /* sou4-shrink.png */; };
		554604131F2DC56100930EA8 /* sou4-yoko.png in Resources */ = {isa = PBXBuildFile; fileRef = 554603D11F2DC56000930EA8 /* sou4-yoko.png */; };
		554604141F2DC56100930EA8 /* sou5-shrink.png in Resources */ = {isa = PBXBuildFile; fileRef = 554603D21F2DC56000930EA8 /* sou5-shrink.png */; };
		554604151F2DC56100930EA8 /* sou5-yoko.png in Resources */ = {isa = PBXBuildFile; fileRef = 554603D31F2DC56000930EA8 /* sou5-yoko.png */; };
		554604161F2DC56100930EA8 /* sou6-shrink.png in Resources */ = {isa = PBXBuildFile; fileRef = 554603D41F2DC56000930EA8 /* sou6-shrink.png */; };
		554604171F2DC56100930EA8 /* sou6-yoko.png in Resources */ = {isa = PBXBuildFile; fileRef = 554603D51F2DC56000930EA8 /* sou6-yoko.png */; };
		554604181F2DC56100930EA8 /* sou7-shrink.png in Resources */ = {isa = PBXBuildFile; fileRef = 554603D61F2DC56000930EA8 /* sou7-shrink.png */; };
		554604191F2DC56100930EA8 /* sou7-yoko.png in Resources */ = {isa = PBXBuildFile; fileRef = 554603D71F2DC56000930EA8 /* sou7-yoko.png */; };
		5546041A1F2DC56100930EA8 /* sou8-shrink.png in Resources */ = {isa = PBXBuildFile; fileRef = 554603D81F2DC56000930EA8 /* sou8-shrink.png */; };
		5546041B1F2DC56100930EA8 /* sou8-yoko.png in Resources */ = {isa = PBXBuildFile; fileRef = 554603D91F2DC56000930EA8 /* sou8-yoko.png */; };
		5546041C1F2DC56100930EA8 /* sou9-shrink.png in Resources */ = {isa = PBXBuildFile; fileRef = 554603DA1F2DC56000930EA8 /* sou9-shrink.png */; };
		5546041D1F2DC56100930EA8 /* sou9-yoko.png in Resources */ = {isa = PBXBuildFile; fileRef = 554603DB1F2DC56000930EA8 /* sou9-yoko.png */; };
		5559DBC31F2CED6900E01C66 /*  Toitu.swift in Sources */ = {isa = PBXBuildFile; fileRef = 5559DBC21F2CED6900E01C66 /*  Toitu.swift */; };
		5559DBC51F2CF9CA00E01C66 /* Tuharon.swift in Sources */ = {isa = PBXBuildFile; fileRef = 5559DBC41F2CF9CA00E01C66 /* Tuharon.swift */; };
		555BFE961F2AFD8D005EF9D8 /* AgariHantei.swift in Sources */ = {isa = PBXBuildFile; fileRef = 555BFE951F2AFD8D005EF9D8 /* AgariHantei.swift */; };
		555BFE981F2B01ED005EF9D8 /* SetDetails.swift in Sources */ = {isa = PBXBuildFile; fileRef = 555BFE971F2B01ED005EF9D8 /* SetDetails.swift */; };
		55FF5B3B1F2C96A8009E9C61 /* Yaku88.swift in Sources */ = {isa = PBXBuildFile; fileRef = 55FF5B3A1F2C96A8009E9C61 /* Yaku88.swift */; };
		55FF5B3D1F2C96E5009E9C61 /* Yaku64.swift in Sources */ = {isa = PBXBuildFile; fileRef = 55FF5B3C1F2C96E5009E9C61 /* Yaku64.swift */; };
		55FF5B3F1F2C9704009E9C61 /* Yaku48.swift in Sources */ = {isa = PBXBuildFile; fileRef = 55FF5B3E1F2C9704009E9C61 /* Yaku48.swift */; };
		55FF5B411F2C971B009E9C61 /* Yaku32.swift in Sources */ = {isa = PBXBuildFile; fileRef = 55FF5B401F2C971B009E9C61 /* Yaku32.swift */; };
		55FF5B431F2C9739009E9C61 /* Yaku24.swift in Sources */ = {isa = PBXBuildFile; fileRef = 55FF5B421F2C9739009E9C61 /* Yaku24.swift */; };
		55FF5B451F2C9757009E9C61 /* Yaku16.swift in Sources */ = {isa = PBXBuildFile; fileRef = 55FF5B441F2C9757009E9C61 /* Yaku16.swift */; };
		55FF5B471F2C9773009E9C61 /* Yaku12.swift in Sources */ = {isa = PBXBuildFile; fileRef = 55FF5B461F2C9773009E9C61 /* Yaku12.swift */; };
		55FF5B491F2C9790009E9C61 /* Yaku8.swift in Sources */ = {isa = PBXBuildFile; fileRef = 55FF5B481F2C9790009E9C61 /* Yaku8.swift */; };
		55FF5B4B1F2C97AB009E9C61 /* Yaku6.swift in Sources */ = {isa = PBXBuildFile; fileRef = 55FF5B4A1F2C97AB009E9C61 /* Yaku6.swift */; };
		55FF5B4D1F2C97C8009E9C61 /* Yaku4.swift in Sources */ = {isa = PBXBuildFile; fileRef = 55FF5B4C1F2C97C8009E9C61 /* Yaku4.swift */; };
		55FF5B4F1F2C97DB009E9C61 /* Yaku2.swift in Sources */ = {isa = PBXBuildFile; fileRef = 55FF5B4E1F2C97DB009E9C61 /* Yaku2.swift */; };
		55FF5B511F2C97F3009E9C61 /* Yaku1.swift in Sources */ = {isa = PBXBuildFile; fileRef = 55FF5B501F2C97F3009E9C61 /* Yaku1.swift */; };
		55FF5B531F2C982C009E9C61 /* CheckYaku.swift in Sources */ = {isa = PBXBuildFile; fileRef = 55FF5B521F2C982C009E9C61 /* CheckYaku.swift */; };
		55FF5B551F2C9CD9009E9C61 /* Kekka.swift in Sources */ = {isa = PBXBuildFile; fileRef = 55FF5B541F2C9CD9009E9C61 /* Kekka.swift */; };
/* End PBXBuildFile section */

/* Begin PBXContainerItemProxy section */
		553F0C221F275519003816E5 /* PBXContainerItemProxy */ = {
			isa = PBXContainerItemProxy;
			containerPortal = 553F0C051F275519003816E5 /* Project object */;
			proxyType = 1;
			remoteGlobalIDString = 553F0C0C1F275519003816E5;
			remoteInfo = MajanPlatform;
		};
		553F0C2D1F275519003816E5 /* PBXContainerItemProxy */ = {
			isa = PBXContainerItemProxy;
			containerPortal = 553F0C051F275519003816E5 /* Project object */;
			proxyType = 1;
			remoteGlobalIDString = 553F0C0C1F275519003816E5;
			remoteInfo = MajanPlatform;
		};
/* End PBXContainerItemProxy section */

/* Begin PBXFileReference section */
		553959BE1F2A022400FDDE7A /* PaiSet.swift */ = {isa = PBXFileReference; fileEncoding = 4; lastKnownFileType = sourcecode.swift; path = PaiSet.swift; sourceTree = "<group>"; };
		553F0C0D1F275519003816E5 /* MajanPlatform.app */ = {isa = PBXFileReference; explicitFileType = wrapper.application; includeInIndex = 0; path = MajanPlatform.app; sourceTree = BUILT_PRODUCTS_DIR; };
		553F0C101F275519003816E5 /* AppDelegate.swift */ = {isa = PBXFileReference; lastKnownFileType = sourcecode.swift; path = AppDelegate.swift; sourceTree = "<group>"; };
		553F0C121F275519003816E5 /* ViewController.swift */ = {isa = PBXFileReference; lastKnownFileType = sourcecode.swift; path = ViewController.swift; sourceTree = "<group>"; };
		553F0C151F275519003816E5 /* Base */ = {isa = PBXFileReference; lastKnownFileType = file.storyboard; name = Base; path = Base.lproj/Main.storyboard; sourceTree = "<group>"; };
		553F0C171F275519003816E5 /* Assets.xcassets */ = {isa = PBXFileReference; lastKnownFileType = folder.assetcatalog; path = Assets.xcassets; sourceTree = "<group>"; };
		553F0C1A1F275519003816E5 /* Base */ = {isa = PBXFileReference; lastKnownFileType = file.storyboard; name = Base; path = Base.lproj/LaunchScreen.storyboard; sourceTree = "<group>"; };
		553F0C1C1F275519003816E5 /* Info.plist */ = {isa = PBXFileReference; lastKnownFileType = text.plist.xml; path = Info.plist; sourceTree = "<group>"; };
		553F0C211F275519003816E5 /* MajanPlatformTests.xctest */ = {isa = PBXFileReference; explicitFileType = wrapper.cfbundle; includeInIndex = 0; path = MajanPlatformTests.xctest; sourceTree = BUILT_PRODUCTS_DIR; };
		553F0C251F275519003816E5 /* MajanPlatformTests.swift */ = {isa = PBXFileReference; lastKnownFileType = sourcecode.swift; path = MajanPlatformTests.swift; sourceTree = "<group>"; };
		553F0C271F275519003816E5 /* Info.plist */ = {isa = PBXFileReference; lastKnownFileType = text.plist.xml; path = Info.plist; sourceTree = "<group>"; };
		553F0C2C1F275519003816E5 /* MajanPlatformUITests.xctest */ = {isa = PBXFileReference; explicitFileType = wrapper.cfbundle; includeInIndex = 0; path = MajanPlatformUITests.xctest; sourceTree = BUILT_PRODUCTS_DIR; };
		553F0C301F275519003816E5 /* MajanPlatformUITests.swift */ = {isa = PBXFileReference; lastKnownFileType = sourcecode.swift; path = MajanPlatformUITests.swift; sourceTree = "<group>"; };
		553F0C321F275519003816E5 /* Info.plist */ = {isa = PBXFileReference; lastKnownFileType = text.plist.xml; path = Info.plist; sourceTree = "<group>"; };
		553F0C401F27606A003816E5 /* ji1-66-90-s-emb.png */ = {isa = PBXFileReference; lastKnownFileType = image.png; path = "ji1-66-90-s-emb.png"; sourceTree = "<group>"; };
		553F0C421F2763F9003816E5 /* ji2-66-90-s-emb.png */ = {isa = PBXFileReference; lastKnownFileType = image.png; path = "ji2-66-90-s-emb.png"; sourceTree = "<group>"; };
		553F0C441F276423003816E5 /* ji3-66-90-s-emb.png */ = {isa = PBXFileReference; lastKnownFileType = image.png; path = "ji3-66-90-s-emb.png"; sourceTree = "<group>"; };
		553F0C451F276423003816E5 /* ji4-66-90-s-emb.png */ = {isa = PBXFileReference; lastKnownFileType = image.png; path = "ji4-66-90-s-emb.png"; sourceTree = "<group>"; };
		553F0C461F276423003816E5 /* ji5-66-90-s-emb.png */ = {isa = PBXFileReference; lastKnownFileType = image.png; path = "ji5-66-90-s-emb.png"; sourceTree = "<group>"; };
		553F0C481F276423003816E5 /* ji7-66-90-s-emb.png */ = {isa = PBXFileReference; lastKnownFileType = image.png; path = "ji7-66-90-s-emb.png"; sourceTree = "<group>"; };
		553F0C841F2764D7003816E5 /* ji6-66-90-s-yoko-emb.png */ = {isa = PBXFileReference; lastKnownFileType = image.png; path = "ji6-66-90-s-yoko-emb.png"; sourceTree = "<group>"; };
		553F0C861F277707003816E5 /* man1-66-90-s-emb.png */ = {isa = PBXFileReference; lastKnownFileType = image.png; path = "man1-66-90-s-emb.png"; sourceTree = "<group>"; };
		553F0C871F277707003816E5 /* man2-66-90-s-emb.png */ = {isa = PBXFileReference; lastKnownFileType = image.png; path = "man2-66-90-s-emb.png"; sourceTree = "<group>"; };
		553F0C881F277707003816E5 /* man3-66-90-s-emb.png */ = {isa = PBXFileReference; lastKnownFileType = image.png; path = "man3-66-90-s-emb.png"; sourceTree = "<group>"; };
		553F0C891F277707003816E5 /* man4-66-90-s-emb.png */ = {isa = PBXFileReference; lastKnownFileType = image.png; path = "man4-66-90-s-emb.png"; sourceTree = "<group>"; };
		553F0C8A1F277707003816E5 /* man5-66-90-s-emb.png */ = {isa = PBXFileReference; lastKnownFileType = image.png; path = "man5-66-90-s-emb.png"; sourceTree = "<group>"; };
		553F0C8B1F277707003816E5 /* man6-66-90-s-emb.png */ = {isa = PBXFileReference; lastKnownFileType = image.png; path = "man6-66-90-s-emb.png"; sourceTree = "<group>"; };
		553F0C8C1F277707003816E5 /* man7-66-90-s-emb.png */ = {isa = PBXFileReference; lastKnownFileType = image.png; path = "man7-66-90-s-emb.png"; sourceTree = "<group>"; };
		553F0C8D1F277707003816E5 /* man8-66-90-s-emb.png */ = {isa = PBXFileReference; lastKnownFileType = image.png; path = "man8-66-90-s-emb.png"; sourceTree = "<group>"; };
		553F0C8E1F277707003816E5 /* man9-66-90-s-emb.png */ = {isa = PBXFileReference; lastKnownFileType = image.png; path = "man9-66-90-s-emb.png"; sourceTree = "<group>"; };
		553F0C8F1F277707003816E5 /* pin1-66-90-s-emb.png */ = {isa = PBXFileReference; lastKnownFileType = image.png; path = "pin1-66-90-s-emb.png"; sourceTree = "<group>"; };
		553F0C901F277707003816E5 /* pin2-66-90-s-emb.png */ = {isa = PBXFileReference; lastKnownFileType = image.png; path = "pin2-66-90-s-emb.png"; sourceTree = "<group>"; };
		553F0C911F277707003816E5 /* pin3-66-90-s-emb.png */ = {isa = PBXFileReference; lastKnownFileType = image.png; path = "pin3-66-90-s-emb.png"; sourceTree = "<group>"; };
		553F0C921F277707003816E5 /* pin4-66-90-s-emb.png */ = {isa = PBXFileReference; lastKnownFileType = image.png; path = "pin4-66-90-s-emb.png"; sourceTree = "<group>"; };
		553F0C931F277707003816E5 /* pin5-66-90-s-emb.png */ = {isa = PBXFileReference; lastKnownFileType = image.png; path = "pin5-66-90-s-emb.png"; sourceTree = "<group>"; };
		553F0C941F277707003816E5 /* pin6-66-90-s-emb.png */ = {isa = PBXFileReference; lastKnownFileType = image.png; path = "pin6-66-90-s-emb.png"; sourceTree = "<group>"; };
		553F0C951F277707003816E5 /* pin7-66-90-s-emb.png */ = {isa = PBXFileReference; lastKnownFileType = image.png; path = "pin7-66-90-s-emb.png"; sourceTree = "<group>"; };
		553F0C961F277707003816E5 /* pin8-66-90-s-emb.png */ = {isa = PBXFileReference; lastKnownFileType = image.png; path = "pin8-66-90-s-emb.png"; sourceTree = "<group>"; };
		553F0C971F277707003816E5 /* pin9-66-90-s-emb.png */ = {isa = PBXFileReference; lastKnownFileType = image.png; path = "pin9-66-90-s-emb.png"; sourceTree = "<group>"; };
		553F0C981F277707003816E5 /* sou1-66-90-s-emb.png */ = {isa = PBXFileReference; lastKnownFileType = image.png; path = "sou1-66-90-s-emb.png"; sourceTree = "<group>"; };
		553F0C991F277707003816E5 /* sou2-66-90-s-emb.png */ = {isa = PBXFileReference; lastKnownFileType = image.png; path = "sou2-66-90-s-emb.png"; sourceTree = "<group>"; };
		553F0C9A1F277707003816E5 /* sou3-66-90-s-emb.png */ = {isa = PBXFileReference; lastKnownFileType = image.png; path = "sou3-66-90-s-emb.png"; sourceTree = "<group>"; };
		553F0C9B1F277707003816E5 /* sou4-66-90-s-emb.png */ = {isa = PBXFileReference; lastKnownFileType = image.png; path = "sou4-66-90-s-emb.png"; sourceTree = "<group>"; };
		553F0C9C1F277708003816E5 /* sou5-66-90-s-emb.png */ = {isa = PBXFileReference; lastKnownFileType = image.png; path = "sou5-66-90-s-emb.png"; sourceTree = "<group>"; };
		553F0C9D1F277708003816E5 /* sou6-66-90-s-emb.png */ = {isa = PBXFileReference; lastKnownFileType = image.png; path = "sou6-66-90-s-emb.png"; sourceTree = "<group>"; };
		553F0C9E1F277708003816E5 /* sou7-66-90-s-emb.png */ = {isa = PBXFileReference; lastKnownFileType = image.png; path = "sou7-66-90-s-emb.png"; sourceTree = "<group>"; };
		553F0C9F1F277708003816E5 /* sou8-66-90-s-emb.png */ = {isa = PBXFileReference; lastKnownFileType = image.png; path = "sou8-66-90-s-emb.png"; sourceTree = "<group>"; };
		553F0CA01F277708003816E5 /* sou9-66-90-s-emb.png */ = {isa = PBXFileReference; lastKnownFileType = image.png; path = "sou9-66-90-s-emb.png"; sourceTree = "<group>"; };
		5546038E1F2DA29100930EA8 /* defaultPai.png */ = {isa = PBXFileReference; lastKnownFileType = image.png; path = defaultPai.png; sourceTree = "<group>"; };
		554603921F2DAFDB00930EA8 /* ji1-yoko.png */ = {isa = PBXFileReference; lastKnownFileType = image.png; path = "ji1-yoko.png"; sourceTree = "<group>"; };
		554603941F2DAFE600930EA8 /* ji1-shurink.png */ = {isa = PBXFileReference; lastKnownFileType = image.png; path = "ji1-shurink.png"; sourceTree = "<group>"; };
		554603961F2DB44000930EA8 /* default-shrink.png */ = {isa = PBXFileReference; lastKnownFileType = image.png; path = "default-shrink.png"; sourceTree = "<group>"; };
		554603981F2DB44500930EA8 /* default-yoko.png */ = {isa = PBXFileReference; lastKnownFileType = image.png; path = "default-yoko.png"; sourceTree = "<group>"; };
		5546039A1F2DC56000930EA8 /* ji2-shrink.png */ = {isa = PBXFileReference; lastKnownFileType = image.png; path = "ji2-shrink.png"; sourceTree = "<group>"; };
		5546039B1F2DC56000930EA8 /* ji2-yoko.png */ = {isa = PBXFileReference; lastKnownFileType = image.png; path = "ji2-yoko.png"; sourceTree = "<group>"; };
		5546039C1F2DC56000930EA8 /* ji3-shrink.png */ = {isa = PBXFileReference; lastKnownFileType = image.png; path = "ji3-shrink.png"; sourceTree = "<group>"; };
		5546039D1F2DC56000930EA8 /* ji3-yoko.png */ = {isa = PBXFileReference; lastKnownFileType = image.png; path = "ji3-yoko.png"; sourceTree = "<group>"; };
		5546039E1F2DC56000930EA8 /* ji4-shrink.png */ = {isa = PBXFileReference; lastKnownFileType = image.png; path = "ji4-shrink.png"; sourceTree = "<group>"; };
		5546039F1F2DC56000930EA8 /* ji4-yoko.png */ = {isa = PBXFileReference; lastKnownFileType = image.png; path = "ji4-yoko.png"; sourceTree = "<group>"; };
		554603A01F2DC56000930EA8 /* ji5-shrink.png */ = {isa = PBXFileReference; lastKnownFileType = image.png; path = "ji5-shrink.png"; sourceTree = "<group>"; };
		554603A11F2DC56000930EA8 /* ji5-yoko.png */ = {isa = PBXFileReference; lastKnownFileType = image.png; path = "ji5-yoko.png"; sourceTree = "<group>"; };
		554603A21F2DC56000930EA8 /* ji6-shrink.png */ = {isa = PBXFileReference; lastKnownFileType = image.png; path = "ji6-shrink.png"; sourceTree = "<group>"; };
		554603A31F2DC56000930EA8 /* ji6-yoko.png */ = {isa = PBXFileReference; lastKnownFileType = image.png; path = "ji6-yoko.png"; sourceTree = "<group>"; };
		554603A41F2DC56000930EA8 /* ji7-shrink.png */ = {isa = PBXFileReference; lastKnownFileType = image.png; path = "ji7-shrink.png"; sourceTree = "<group>"; };
		554603A51F2DC56000930EA8 /* ji7-yoko.png */ = {isa = PBXFileReference; lastKnownFileType = image.png; path = "ji7-yoko.png"; sourceTree = "<group>"; };
		554603A61F2DC56000930EA8 /* man1-shrink.png */ = {isa = PBXFileReference; lastKnownFileType = image.png; path = "man1-shrink.png"; sourceTree = "<group>"; };
		554603A71F2DC56000930EA8 /* man1-yoko.png */ = {isa = PBXFileReference; lastKnownFileType = image.png; path = "man1-yoko.png"; sourceTree = "<group>"; };
		554603A81F2DC56000930EA8 /* man2-shrink.png */ = {isa = PBXFileReference; lastKnownFileType = image.png; path = "man2-shrink.png"; sourceTree = "<group>"; };
		554603A91F2DC56000930EA8 /* man2-yoko.png */ = {isa = PBXFileReference; lastKnownFileType = image.png; path = "man2-yoko.png"; sourceTree = "<group>"; };
		554603AA1F2DC56000930EA8 /* man3-shrink.png */ = {isa = PBXFileReference; lastKnownFileType = image.png; path = "man3-shrink.png"; sourceTree = "<group>"; };
		554603AB1F2DC56000930EA8 /* man3-yoko.png */ = {isa = PBXFileReference; lastKnownFileType = image.png; path = "man3-yoko.png"; sourceTree = "<group>"; };
		554603AC1F2DC56000930EA8 /* man4-shrink.png */ = {isa = PBXFileReference; lastKnownFileType = image.png; path = "man4-shrink.png"; sourceTree = "<group>"; };
		554603AD1F2DC56000930EA8 /* man4-yoko.png */ = {isa = PBXFileReference; lastKnownFileType = image.png; path = "man4-yoko.png"; sourceTree = "<group>"; };
		554603AE1F2DC56000930EA8 /* man5-shrink.png */ = {isa = PBXFileReference; lastKnownFileType = image.png; path = "man5-shrink.png"; sourceTree = "<group>"; };
		554603AF1F2DC56000930EA8 /* man5-yoko.png */ = {isa = PBXFileReference; lastKnownFileType = image.png; path = "man5-yoko.png"; sourceTree = "<group>"; };
		554603B01F2DC56000930EA8 /* man6-shrink.png */ = {isa = PBXFileReference; lastKnownFileType = image.png; path = "man6-shrink.png"; sourceTree = "<group>"; };
		554603B11F2DC56000930EA8 /* man6-yoko.png */ = {isa = PBXFileReference; lastKnownFileType = image.png; path = "man6-yoko.png"; sourceTree = "<group>"; };
		554603B21F2DC56000930EA8 /* man7-shrink.png */ = {isa = PBXFileReference; lastKnownFileType = image.png; path = "man7-shrink.png"; sourceTree = "<group>"; };
		554603B31F2DC56000930EA8 /* man7-yoko.png */ = {isa = PBXFileReference; lastKnownFileType = image.png; path = "man7-yoko.png"; sourceTree = "<group>"; };
		554603B41F2DC56000930EA8 /* man8-shrink.png */ = {isa = PBXFileReference; lastKnownFileType = image.png; path = "man8-shrink.png"; sourceTree = "<group>"; };
		554603B51F2DC56000930EA8 /* man8-yoko.png */ = {isa = PBXFileReference; lastKnownFileType = image.png; path = "man8-yoko.png"; sourceTree = "<group>"; };
		554603B61F2DC56000930EA8 /* man9-shrink.png */ = {isa = PBXFileReference; lastKnownFileType = image.png; path = "man9-shrink.png"; sourceTree = "<group>"; };
		554603B71F2DC56000930EA8 /* man9-yoko.png */ = {isa = PBXFileReference; lastKnownFileType = image.png; path = "man9-yoko.png"; sourceTree = "<group>"; };
		554603B81F2DC56000930EA8 /* pin1-shrink.png */ = {isa = PBXFileReference; lastKnownFileType = image.png; path = "pin1-shrink.png"; sourceTree = "<group>"; };
		554603B91F2DC56000930EA8 /* pin1-yoko.png */ = {isa = PBXFileReference; lastKnownFileType = image.png; path = "pin1-yoko.png"; sourceTree = "<group>"; };
		554603BA1F2DC56000930EA8 /* pin2-shrink.png */ = {isa = PBXFileReference; lastKnownFileType = image.png; path = "pin2-shrink.png"; sourceTree = "<group>"; };
		554603BB1F2DC56000930EA8 /* pin2-yoko.png */ = {isa = PBXFileReference; lastKnownFileType = image.png; path = "pin2-yoko.png"; sourceTree = "<group>"; };
		554603BC1F2DC56000930EA8 /* pin3-shrink.png */ = {isa = PBXFileReference; lastKnownFileType = image.png; path = "pin3-shrink.png"; sourceTree = "<group>"; };
		554603BD1F2DC56000930EA8 /* pin3-yoko.png */ = {isa = PBXFileReference; lastKnownFileType = image.png; path = "pin3-yoko.png"; sourceTree = "<group>"; };
		554603BE1F2DC56000930EA8 /* pin4-shrink.png */ = {isa = PBXFileReference; lastKnownFileType = image.png; path = "pin4-shrink.png"; sourceTree = "<group>"; };
		554603BF1F2DC56000930EA8 /* pin4-yoko.png */ = {isa = PBXFileReference; lastKnownFileType = image.png; path = "pin4-yoko.png"; sourceTree = "<group>"; };
		554603C01F2DC56000930EA8 /* pin5-shrink.png */ = {isa = PBXFileReference; lastKnownFileType = image.png; path = "pin5-shrink.png"; sourceTree = "<group>"; };
		554603C11F2DC56000930EA8 /* pin5-yoko.png */ = {isa = PBXFileReference; lastKnownFileType = image.png; path = "pin5-yoko.png"; sourceTree = "<group>"; };
		554603C21F2DC56000930EA8 /* pin6-shrink.png */ = {isa = PBXFileReference; lastKnownFileType = image.png; path = "pin6-shrink.png"; sourceTree = "<group>"; };
		554603C31F2DC56000930EA8 /* pin6-yoko.png */ = {isa = PBXFileReference; lastKnownFileType = image.png; path = "pin6-yoko.png"; sourceTree = "<group>"; };
		554603C41F2DC56000930EA8 /* pin7-shrink.png */ = {isa = PBXFileReference; lastKnownFileType = image.png; path = "pin7-shrink.png"; sourceTree = "<group>"; };
		554603C51F2DC56000930EA8 /* pin7-yoko.png */ = {isa = PBXFileReference; lastKnownFileType = image.png; path = "pin7-yoko.png"; sourceTree = "<group>"; };
		554603C61F2DC56000930EA8 /* pin8-shrink.png */ = {isa = PBXFileReference; lastKnownFileType = image.png; path = "pin8-shrink.png"; sourceTree = "<group>"; };
		554603C71F2DC56000930EA8 /* pin8-yoko.png */ = {isa = PBXFileReference; lastKnownFileType = image.png; path = "pin8-yoko.png"; sourceTree = "<group>"; };
		554603C81F2DC56000930EA8 /* pin9-shrink.png */ = {isa = PBXFileReference; lastKnownFileType = image.png; path = "pin9-shrink.png"; sourceTree = "<group>"; };
		554603C91F2DC56000930EA8 /* pin9-yoko.png */ = {isa = PBXFileReference; lastKnownFileType = image.png; path = "pin9-yoko.png"; sourceTree = "<group>"; };
		554603CA1F2DC56000930EA8 /* sou1-shrink.png */ = {isa = PBXFileReference; lastKnownFileType = image.png; path = "sou1-shrink.png"; sourceTree = "<group>"; };
		554603CB1F2DC56000930EA8 /* sou1-yoko.png */ = {isa = PBXFileReference; lastKnownFileType = image.png; path = "sou1-yoko.png"; sourceTree = "<group>"; };
		554603CC1F2DC56000930EA8 /* sou2-shrink.png */ = {isa = PBXFileReference; lastKnownFileType = image.png; path = "sou2-shrink.png"; sourceTree = "<group>"; };
		554603CD1F2DC56000930EA8 /* sou2-yoko.png */ = {isa = PBXFileReference; lastKnownFileType = image.png; path = "sou2-yoko.png"; sourceTree = "<group>"; };
		554603CE1F2DC56000930EA8 /* sou3-shrink.png */ = {isa = PBXFileReference; lastKnownFileType = image.png; path = "sou3-shrink.png"; sourceTree = "<group>"; };
		554603CF1F2DC56000930EA8 /* sou3-yoko.png */ = {isa = PBXFileReference; lastKnownFileType = image.png; path = "sou3-yoko.png"; sourceTree = "<group>"; };
		554603D01F2DC56000930EA8 /* sou4-shrink.png */ = {isa = PBXFileReference; lastKnownFileType = image.png; path = "sou4-shrink.png"; sourceTree = "<group>"; };
		554603D11F2DC56000930EA8 /* sou4-yoko.png */ = {isa = PBXFileReference; lastKnownFileType = image.png; path = "sou4-yoko.png"; sourceTree = "<group>"; };
		554603D21F2DC56000930EA8 /* sou5-shrink.png */ = {isa = PBXFileReference; lastKnownFileType = image.png; path = "sou5-shrink.png"; sourceTree = "<group>"; };
		554603D31F2DC56000930EA8 /* sou5-yoko.png */ = {isa = PBXFileReference; lastKnownFileType = image.png; path = "sou5-yoko.png"; sourceTree = "<group>"; };
		554603D41F2DC56000930EA8 /* sou6-shrink.png */ = {isa = PBXFileReference; lastKnownFileType = image.png; path = "sou6-shrink.png"; sourceTree = "<group>"; };
		554603D51F2DC56000930EA8 /* sou6-yoko.png */ = {isa = PBXFileReference; lastKnownFileType = image.png; path = "sou6-yoko.png"; sourceTree = "<group>"; };
		554603D61F2DC56000930EA8 /* sou7-shrink.png */ = {isa = PBXFileReference; lastKnownFileType = image.png; path = "sou7-shrink.png"; sourceTree = "<group>"; };
		554603D71F2DC56000930EA8 /* sou7-yoko.png */ = {isa = PBXFileReference; lastKnownFileType = image.png; path = "sou7-yoko.png"; sourceTree = "<group>"; };
		554603D81F2DC56000930EA8 /* sou8-shrink.png */ = {isa = PBXFileReference; lastKnownFileType = image.png; path = "sou8-shrink.png"; sourceTree = "<group>"; };
		554603D91F2DC56000930EA8 /* sou8-yoko.png */ = {isa = PBXFileReference; lastKnownFileType = image.png; path = "sou8-yoko.png"; sourceTree = "<group>"; };
		554603DA1F2DC56000930EA8 /* sou9-shrink.png */ = {isa = PBXFileReference; lastKnownFileType = image.png; path = "sou9-shrink.png"; sourceTree = "<group>"; };
		554603DB1F2DC56000930EA8 /* sou9-yoko.png */ = {isa = PBXFileReference; lastKnownFileType = image.png; path = "sou9-yoko.png"; sourceTree = "<group>"; };
		5559DBC21F2CED6900E01C66 /*  Toitu.swift */ = {isa = PBXFileReference; fileEncoding = 4; lastKnownFileType = sourcecode.swift; path = " Toitu.swift"; sourceTree = "<group>"; };
		5559DBC41F2CF9CA00E01C66 /* Tuharon.swift */ = {isa = PBXFileReference; fileEncoding = 4; lastKnownFileType = sourcecode.swift; path = Tuharon.swift; sourceTree = "<group>"; };
		555BFE951F2AFD8D005EF9D8 /* AgariHantei.swift */ = {isa = PBXFileReference; fileEncoding = 4; lastKnownFileType = sourcecode.swift; path = AgariHantei.swift; sourceTree = "<group>"; };
		555BFE971F2B01ED005EF9D8 /* SetDetails.swift */ = {isa = PBXFileReference; fileEncoding = 4; lastKnownFileType = sourcecode.swift; path = SetDetails.swift; sourceTree = "<group>"; };
		55FF5B3A1F2C96A8009E9C61 /* Yaku88.swift */ = {isa = PBXFileReference; fileEncoding = 4; lastKnownFileType = sourcecode.swift; path = Yaku88.swift; sourceTree = "<group>"; };
		55FF5B3C1F2C96E5009E9C61 /* Yaku64.swift */ = {isa = PBXFileReference; fileEncoding = 4; lastKnownFileType = sourcecode.swift; path = Yaku64.swift; sourceTree = "<group>"; };
		55FF5B3E1F2C9704009E9C61 /* Yaku48.swift */ = {isa = PBXFileReference; fileEncoding = 4; lastKnownFileType = sourcecode.swift; path = Yaku48.swift; sourceTree = "<group>"; };
		55FF5B401F2C971B009E9C61 /* Yaku32.swift */ = {isa = PBXFileReference; fileEncoding = 4; lastKnownFileType = sourcecode.swift; path = Yaku32.swift; sourceTree = "<group>"; };
		55FF5B421F2C9739009E9C61 /* Yaku24.swift */ = {isa = PBXFileReference; fileEncoding = 4; lastKnownFileType = sourcecode.swift; path = Yaku24.swift; sourceTree = "<group>"; };
		55FF5B441F2C9757009E9C61 /* Yaku16.swift */ = {isa = PBXFileReference; fileEncoding = 4; lastKnownFileType = sourcecode.swift; path = Yaku16.swift; sourceTree = "<group>"; };
		55FF5B461F2C9773009E9C61 /* Yaku12.swift */ = {isa = PBXFileReference; fileEncoding = 4; lastKnownFileType = sourcecode.swift; path = Yaku12.swift; sourceTree = "<group>"; };
		55FF5B481F2C9790009E9C61 /* Yaku8.swift */ = {isa = PBXFileReference; fileEncoding = 4; lastKnownFileType = sourcecode.swift; path = Yaku8.swift; sourceTree = "<group>"; };
		55FF5B4A1F2C97AB009E9C61 /* Yaku6.swift */ = {isa = PBXFileReference; fileEncoding = 4; lastKnownFileType = sourcecode.swift; path = Yaku6.swift; sourceTree = "<group>"; };
		55FF5B4C1F2C97C8009E9C61 /* Yaku4.swift */ = {isa = PBXFileReference; fileEncoding = 4; lastKnownFileType = sourcecode.swift; path = Yaku4.swift; sourceTree = "<group>"; };
		55FF5B4E1F2C97DB009E9C61 /* Yaku2.swift */ = {isa = PBXFileReference; fileEncoding = 4; lastKnownFileType = sourcecode.swift; path = Yaku2.swift; sourceTree = "<group>"; };
		55FF5B501F2C97F3009E9C61 /* Yaku1.swift */ = {isa = PBXFileReference; fileEncoding = 4; lastKnownFileType = sourcecode.swift; path = Yaku1.swift; sourceTree = "<group>"; };
		55FF5B521F2C982C009E9C61 /* CheckYaku.swift */ = {isa = PBXFileReference; fileEncoding = 4; lastKnownFileType = sourcecode.swift; path = CheckYaku.swift; sourceTree = "<group>"; };
		55FF5B541F2C9CD9009E9C61 /* Kekka.swift */ = {isa = PBXFileReference; fileEncoding = 4; lastKnownFileType = sourcecode.swift; path = Kekka.swift; sourceTree = "<group>"; };
/* End PBXFileReference section */

/* Begin PBXFrameworksBuildPhase section */
		553F0C0A1F275519003816E5 /* Frameworks */ = {
			isa = PBXFrameworksBuildPhase;
			buildActionMask = 2147483647;
			files = (
			);
			runOnlyForDeploymentPostprocessing = 0;
		};
		553F0C1E1F275519003816E5 /* Frameworks */ = {
			isa = PBXFrameworksBuildPhase;
			buildActionMask = 2147483647;
			files = (
			);
			runOnlyForDeploymentPostprocessing = 0;
		};
		553F0C291F275519003816E5 /* Frameworks */ = {
			isa = PBXFrameworksBuildPhase;
			buildActionMask = 2147483647;
			files = (
			);
			runOnlyForDeploymentPostprocessing = 0;
		};
/* End PBXFrameworksBuildPhase section */

/* Begin PBXGroup section */
		553F0C041F275519003816E5 = {
			isa = PBXGroup;
			children = (
				553F0C0F1F275519003816E5 /* MajanPlatform */,
				553F0C241F275519003816E5 /* MajanPlatformTests */,
				553F0C2F1F275519003816E5 /* MajanPlatformUITests */,
				553F0C0E1F275519003816E5 /* Products */,
			);
			sourceTree = "<group>";
		};
		553F0C0E1F275519003816E5 /* Products */ = {
			isa = PBXGroup;
			children = (
				553F0C0D1F275519003816E5 /* MajanPlatform.app */,
				553F0C211F275519003816E5 /* MajanPlatformTests.xctest */,
				553F0C2C1F275519003816E5 /* MajanPlatformUITests.xctest */,
			);
			name = Products;
			sourceTree = "<group>";
		};
		553F0C0F1F275519003816E5 /* MajanPlatform */ = {
			isa = PBXGroup;
			children = (
				553F0C861F277707003816E5 /* man1-66-90-s-emb.png */,
				553F0C871F277707003816E5 /* man2-66-90-s-emb.png */,
				553F0C881F277707003816E5 /* man3-66-90-s-emb.png */,
				553F0C891F277707003816E5 /* man4-66-90-s-emb.png */,
				553F0C8A1F277707003816E5 /* man5-66-90-s-emb.png */,
				553F0C8B1F277707003816E5 /* man6-66-90-s-emb.png */,
				553F0C8C1F277707003816E5 /* man7-66-90-s-emb.png */,
				553F0C8D1F277707003816E5 /* man8-66-90-s-emb.png */,
				553F0C8E1F277707003816E5 /* man9-66-90-s-emb.png */,
				553F0C8F1F277707003816E5 /* pin1-66-90-s-emb.png */,
				553F0C901F277707003816E5 /* pin2-66-90-s-emb.png */,
				553F0C911F277707003816E5 /* pin3-66-90-s-emb.png */,
				553F0C921F277707003816E5 /* pin4-66-90-s-emb.png */,
				553F0C931F277707003816E5 /* pin5-66-90-s-emb.png */,
				553F0C941F277707003816E5 /* pin6-66-90-s-emb.png */,
				553F0C951F277707003816E5 /* pin7-66-90-s-emb.png */,
				553F0C961F277707003816E5 /* pin8-66-90-s-emb.png */,
				553F0C971F277707003816E5 /* pin9-66-90-s-emb.png */,
				553F0C981F277707003816E5 /* sou1-66-90-s-emb.png */,
				553F0C991F277707003816E5 /* sou2-66-90-s-emb.png */,
				553F0C9A1F277707003816E5 /* sou3-66-90-s-emb.png */,
				553F0C9B1F277707003816E5 /* sou4-66-90-s-emb.png */,
				553F0C9C1F277708003816E5 /* sou5-66-90-s-emb.png */,
				553F0C9D1F277708003816E5 /* sou6-66-90-s-emb.png */,
				553F0C9E1F277708003816E5 /* sou7-66-90-s-emb.png */,
				553F0C9F1F277708003816E5 /* sou8-66-90-s-emb.png */,
				553F0CA01F277708003816E5 /* sou9-66-90-s-emb.png */,
				554603981F2DB44500930EA8 /* default-yoko.png */,
				554603961F2DB44000930EA8 /* default-shrink.png */,
				553F0C841F2764D7003816E5 /* ji6-66-90-s-yoko-emb.png */,
				554603921F2DAFDB00930EA8 /* ji1-yoko.png */,
				554603941F2DAFE600930EA8 /* ji1-shurink.png */,
				553F0C441F276423003816E5 /* ji3-66-90-s-emb.png */,
				553F0C451F276423003816E5 /* ji4-66-90-s-emb.png */,
				553F0C461F276423003816E5 /* ji5-66-90-s-emb.png */,
				553F0C481F276423003816E5 /* ji7-66-90-s-emb.png */,
				553F0C421F2763F9003816E5 /* ji2-66-90-s-emb.png */,
				553F0C401F27606A003816E5 /* ji1-66-90-s-emb.png */,
				5546038E1F2DA29100930EA8 /* defaultPai.png */,
				5546039A1F2DC56000930EA8 /* ji2-shrink.png */,
				5546039B1F2DC56000930EA8 /* ji2-yoko.png */,
				5546039C1F2DC56000930EA8 /* ji3-shrink.png */,
				5546039D1F2DC56000930EA8 /* ji3-yoko.png */,
				5546039E1F2DC56000930EA8 /* ji4-shrink.png */,
				5546039F1F2DC56000930EA8 /* ji4-yoko.png */,
				554603A01F2DC56000930EA8 /* ji5-shrink.png */,
				554603A11F2DC56000930EA8 /* ji5-yoko.png */,
				554603A21F2DC56000930EA8 /* ji6-shrink.png */,
				554603A31F2DC56000930EA8 /* ji6-yoko.png */,
				554603A41F2DC56000930EA8 /* ji7-shrink.png */,
				554603A51F2DC56000930EA8 /* ji7-yoko.png */,
				554603A61F2DC56000930EA8 /* man1-shrink.png */,
				554603A71F2DC56000930EA8 /* man1-yoko.png */,
				554603A81F2DC56000930EA8 /* man2-shrink.png */,
				554603A91F2DC56000930EA8 /* man2-yoko.png */,
				554603AA1F2DC56000930EA8 /* man3-shrink.png */,
				554603AB1F2DC56000930EA8 /* man3-yoko.png */,
				554603AC1F2DC56000930EA8 /* man4-shrink.png */,
				554603AD1F2DC56000930EA8 /* man4-yoko.png */,
				554603AE1F2DC56000930EA8 /* man5-shrink.png */,
				554603AF1F2DC56000930EA8 /* man5-yoko.png */,
				554603B01F2DC56000930EA8 /* man6-shrink.png */,
				554603B11F2DC56000930EA8 /* man6-yoko.png */,
				554603B21F2DC56000930EA8 /* man7-shrink.png */,
				554603B31F2DC56000930EA8 /* man7-yoko.png */,
				554603B41F2DC56000930EA8 /* man8-shrink.png */,
				554603B51F2DC56000930EA8 /* man8-yoko.png */,
				554603B61F2DC56000930EA8 /* man9-shrink.png */,
				554603B71F2DC56000930EA8 /* man9-yoko.png */,
				554603B81F2DC56000930EA8 /* pin1-shrink.png */,
				554603B91F2DC56000930EA8 /* pin1-yoko.png */,
				554603BA1F2DC56000930EA8 /* pin2-shrink.png */,
				554603BB1F2DC56000930EA8 /* pin2-yoko.png */,
				554603BC1F2DC56000930EA8 /* pin3-shrink.png */,
				554603BD1F2DC56000930EA8 /* pin3-yoko.png */,
				554603BE1F2DC56000930EA8 /* pin4-shrink.png */,
				554603BF1F2DC56000930EA8 /* pin4-yoko.png */,
				554603C01F2DC56000930EA8 /* pin5-shrink.png */,
				554603C11F2DC56000930EA8 /* pin5-yoko.png */,
				554603C21F2DC56000930EA8 /* pin6-shrink.png */,
				554603C31F2DC56000930EA8 /* pin6-yoko.png */,
				554603C41F2DC56000930EA8 /* pin7-shrink.png */,
				554603C51F2DC56000930EA8 /* pin7-yoko.png */,
				554603C61F2DC56000930EA8 /* pin8-shrink.png */,
				554603C71F2DC56000930EA8 /* pin8-yoko.png */,
				554603C81F2DC56000930EA8 /* pin9-shrink.png */,
				554603C91F2DC56000930EA8 /* pin9-yoko.png */,
				554603CA1F2DC56000930EA8 /* sou1-shrink.png */,
				554603CB1F2DC56000930EA8 /* sou1-yoko.png */,
				554603CC1F2DC56000930EA8 /* sou2-shrink.png */,
				554603CD1F2DC56000930EA8 /* sou2-yoko.png */,
				554603CE1F2DC56000930EA8 /* sou3-shrink.png */,
				554603CF1F2DC56000930EA8 /* sou3-yoko.png */,
				554603D01F2DC56000930EA8 /* sou4-shrink.png */,
				554603D11F2DC56000930EA8 /* sou4-yoko.png */,
				554603D21F2DC56000930EA8 /* sou5-shrink.png */,
				554603D31F2DC56000930EA8 /* sou5-yoko.png */,
				554603D41F2DC56000930EA8 /* sou6-shrink.png */,
				554603D51F2DC56000930EA8 /* sou6-yoko.png */,
				554603D61F2DC56000930EA8 /* sou7-shrink.png */,
				554603D71F2DC56000930EA8 /* sou7-yoko.png */,
				554603D81F2DC56000930EA8 /* sou8-shrink.png */,
				554603D91F2DC56000930EA8 /* sou8-yoko.png */,
				554603DA1F2DC56000930EA8 /* sou9-shrink.png */,
				554603DB1F2DC56000930EA8 /* sou9-yoko.png */,
				553F0C101F275519003816E5 /* AppDelegate.swift */,
				553F0C121F275519003816E5 /* ViewController.swift */,
				553F0C141F275519003816E5 /* Main.storyboard */,
				553F0C171F275519003816E5 /* Assets.xcassets */,
				553F0C191F275519003816E5 /* LaunchScreen.storyboard */,
				553F0C1C1F275519003816E5 /* Info.plist */,
				553959BE1F2A022400FDDE7A /* PaiSet.swift */,
				555BFE951F2AFD8D005EF9D8 /* AgariHantei.swift */,
				555BFE971F2B01ED005EF9D8 /* SetDetails.swift */,
				55FF5B3A1F2C96A8009E9C61 /* Yaku88.swift */,
				55FF5B3C1F2C96E5009E9C61 /* Yaku64.swift */,
				55FF5B3E1F2C9704009E9C61 /* Yaku48.swift */,
				55FF5B401F2C971B009E9C61 /* Yaku32.swift */,
				55FF5B421F2C9739009E9C61 /* Yaku24.swift */,
				55FF5B441F2C9757009E9C61 /* Yaku16.swift */,
				55FF5B461F2C9773009E9C61 /* Yaku12.swift */,
				55FF5B481F2C9790009E9C61 /* Yaku8.swift */,
				55FF5B4A1F2C97AB009E9C61 /* Yaku6.swift */,
				55FF5B4C1F2C97C8009E9C61 /* Yaku4.swift */,
				55FF5B4E1F2C97DB009E9C61 /* Yaku2.swift */,
				55FF5B501F2C97F3009E9C61 /* Yaku1.swift */,
				55FF5B521F2C982C009E9C61 /* CheckYaku.swift */,
				55FF5B541F2C9CD9009E9C61 /* Kekka.swift */,
				5559DBC21F2CED6900E01C66 /*  Toitu.swift */,
				5559DBC41F2CF9CA00E01C66 /* Tuharon.swift */,
			);
			path = MajanPlatform;
			sourceTree = "<group>";
		};
		553F0C241F275519003816E5 /* MajanPlatformTests */ = {
			isa = PBXGroup;
			children = (
				553F0C251F275519003816E5 /* MajanPlatformTests.swift */,
				553F0C271F275519003816E5 /* Info.plist */,
			);
			path = MajanPlatformTests;
			sourceTree = "<group>";
		};
		553F0C2F1F275519003816E5 /* MajanPlatformUITests */ = {
			isa = PBXGroup;
			children = (
				553F0C301F275519003816E5 /* MajanPlatformUITests.swift */,
				553F0C321F275519003816E5 /* Info.plist */,
			);
			path = MajanPlatformUITests;
			sourceTree = "<group>";
		};
/* End PBXGroup section */

/* Begin PBXNativeTarget section */
		553F0C0C1F275519003816E5 /* MajanPlatform */ = {
			isa = PBXNativeTarget;
			buildConfigurationList = 553F0C351F275519003816E5 /* Build configuration list for PBXNativeTarget "MajanPlatform" */;
			buildPhases = (
				553F0C091F275519003816E5 /* Sources */,
				553F0C0A1F275519003816E5 /* Frameworks */,
				553F0C0B1F275519003816E5 /* Resources */,
			);
			buildRules = (
			);
			dependencies = (
			);
			name = MajanPlatform;
			productName = MajanPlatform;
			productReference = 553F0C0D1F275519003816E5 /* MajanPlatform.app */;
			productType = "com.apple.product-type.application";
		};
		553F0C201F275519003816E5 /* MajanPlatformTests */ = {
			isa = PBXNativeTarget;
			buildConfigurationList = 553F0C381F275519003816E5 /* Build configuration list for PBXNativeTarget "MajanPlatformTests" */;
			buildPhases = (
				553F0C1D1F275519003816E5 /* Sources */,
				553F0C1E1F275519003816E5 /* Frameworks */,
				553F0C1F1F275519003816E5 /* Resources */,
			);
			buildRules = (
			);
			dependencies = (
				553F0C231F275519003816E5 /* PBXTargetDependency */,
			);
			name = MajanPlatformTests;
			productName = MajanPlatformTests;
			productReference = 553F0C211F275519003816E5 /* MajanPlatformTests.xctest */;
			productType = "com.apple.product-type.bundle.unit-test";
		};
		553F0C2B1F275519003816E5 /* MajanPlatformUITests */ = {
			isa = PBXNativeTarget;
			buildConfigurationList = 553F0C3B1F275519003816E5 /* Build configuration list for PBXNativeTarget "MajanPlatformUITests" */;
			buildPhases = (
				553F0C281F275519003816E5 /* Sources */,
				553F0C291F275519003816E5 /* Frameworks */,
				553F0C2A1F275519003816E5 /* Resources */,
			);
			buildRules = (
			);
			dependencies = (
				553F0C2E1F275519003816E5 /* PBXTargetDependency */,
			);
			name = MajanPlatformUITests;
			productName = MajanPlatformUITests;
			productReference = 553F0C2C1F275519003816E5 /* MajanPlatformUITests.xctest */;
			productType = "com.apple.product-type.bundle.ui-testing";
		};
/* End PBXNativeTarget section */

/* Begin PBXProject section */
		553F0C051F275519003816E5 /* Project object */ = {
			isa = PBXProject;
			attributes = {
				LastSwiftUpdateCheck = 0830;
				LastUpgradeCheck = 0830;
				ORGANIZATIONNAME = Komatsu;
				TargetAttributes = {
					553F0C0C1F275519003816E5 = {
						CreatedOnToolsVersion = 8.3.3;
						DevelopmentTeam = YUFF6F33EC;
						ProvisioningStyle = Automatic;
					};
					553F0C201F275519003816E5 = {
						CreatedOnToolsVersion = 8.3.3;
						ProvisioningStyle = Automatic;
						TestTargetID = 553F0C0C1F275519003816E5;
					};
					553F0C2B1F275519003816E5 = {
						CreatedOnToolsVersion = 8.3.3;
						ProvisioningStyle = Automatic;
						TestTargetID = 553F0C0C1F275519003816E5;
					};
				};
			};
			buildConfigurationList = 553F0C081F275519003816E5 /* Build configuration list for PBXProject "MajanPlatform" */;
			compatibilityVersion = "Xcode 3.2";
			developmentRegion = English;
			hasScannedForEncodings = 0;
			knownRegions = (
				en,
				Base,
			);
			mainGroup = 553F0C041F275519003816E5;
			productRefGroup = 553F0C0E1F275519003816E5 /* Products */;
			projectDirPath = "";
			projectRoot = "";
			targets = (
				553F0C0C1F275519003816E5 /* MajanPlatform */,
				553F0C201F275519003816E5 /* MajanPlatformTests */,
				553F0C2B1F275519003816E5 /* MajanPlatformUITests */,
			);
		};
/* End PBXProject section */

/* Begin PBXResourcesBuildPhase section */
		553F0C0B1F275519003816E5 /* Resources */ = {
			isa = PBXResourcesBuildPhase;
			buildActionMask = 2147483647;
			files = (
				554603FD1F2DC56100930EA8 /* pin2-yoko.png in Resources */,
				553F0CB81F277708003816E5 /* sou6-66-90-s-emb.png in Resources */,
				553F0CB91F277708003816E5 /* sou7-66-90-s-emb.png in Resources */,
				554603EA1F2DC56000930EA8 /* man2-shrink.png in Resources */,
				5546040E1F2DC56100930EA8 /* sou2-shrink.png in Resources */,
				554603DF1F2DC56000930EA8 /* ji3-yoko.png in Resources */,
				554604131F2DC56100930EA8 /* sou4-yoko.png in Resources */,
				554603EE1F2DC56000930EA8 /* man4-shrink.png in Resources */,
				554604021F2DC56100930EA8 /* pin5-shrink.png in Resources */,
				553F0CBB1F277708003816E5 /* sou9-66-90-s-emb.png in Resources */,
				554604051F2DC56100930EA8 /* pin6-yoko.png in Resources */,
				554604151F2DC56100930EA8 /* sou5-yoko.png in Resources */,
				554603E91F2DC56000930EA8 /* man1-yoko.png in Resources */,
				553F0CA31F277708003816E5 /* man3-66-90-s-emb.png in Resources */,
				554603E11F2DC56000930EA8 /* ji4-yoko.png in Resources */,
				554603F31F2DC56100930EA8 /* man6-yoko.png in Resources */,
				554603FE1F2DC56100930EA8 /* pin3-shrink.png in Resources */,
				5546040C1F2DC56100930EA8 /* sou1-shrink.png in Resources */,
				5546041C1F2DC56100930EA8 /* sou9-shrink.png in Resources */,
				554603EF1F2DC56100930EA8 /* man4-yoko.png in Resources */,
				553F0C681F276423003816E5 /* ji7-66-90-s-emb.png in Resources */,
				554604141F2DC56100930EA8 /* sou5-shrink.png in Resources */,
				554603E81F2DC56000930EA8 /* man1-shrink.png in Resources */,
				554603DC1F2DC56000930EA8 /* ji2-shrink.png in Resources */,
				554603F51F2DC56100930EA8 /* man7-yoko.png in Resources */,
				554603FC1F2DC56100930EA8 /* pin2-shrink.png in Resources */,
				5546040F1F2DC56100930EA8 /* sou2-yoko.png in Resources */,
				553F0CB61F277708003816E5 /* sou4-66-90-s-emb.png in Resources */,
				553F0C1B1F275519003816E5 /* LaunchScreen.storyboard in Resources */,
				554603951F2DAFE600930EA8 /* ji1-shurink.png in Resources */,
				553F0CB01F277708003816E5 /* pin7-66-90-s-emb.png in Resources */,
				554603DE1F2DC56000930EA8 /* ji3-shrink.png in Resources */,
				553F0CAE1F277708003816E5 /* pin5-66-90-s-emb.png in Resources */,
				554604031F2DC56100930EA8 /* pin5-yoko.png in Resources */,
				554603F61F2DC56100930EA8 /* man8-shrink.png in Resources */,
				554603971F2DB44000930EA8 /* default-shrink.png in Resources */,
				553F0CAB1F277708003816E5 /* pin2-66-90-s-emb.png in Resources */,
				553F0CAF1F277708003816E5 /* pin6-66-90-s-emb.png in Resources */,
				5546041A1F2DC56100930EA8 /* sou8-shrink.png in Resources */,
				553F0CB71F277708003816E5 /* sou5-66-90-s-emb.png in Resources */,
				553F0CA81F277708003816E5 /* man8-66-90-s-emb.png in Resources */,
				553F0CA51F277708003816E5 /* man5-66-90-s-emb.png in Resources */,
				553F0CA71F277708003816E5 /* man7-66-90-s-emb.png in Resources */,
				554603FB1F2DC56100930EA8 /* pin1-yoko.png in Resources */,
				553F0CBA1F277708003816E5 /* sou8-66-90-s-emb.png in Resources */,
				554603EB1F2DC56000930EA8 /* man2-yoko.png in Resources */,
				554604041F2DC56100930EA8 /* pin6-shrink.png in Resources */,
				554604191F2DC56100930EA8 /* sou7-yoko.png in Resources */,
				554603FF1F2DC56100930EA8 /* pin3-yoko.png in Resources */,
				553F0CB41F277708003816E5 /* sou2-66-90-s-emb.png in Resources */,
				554603931F2DAFDB00930EA8 /* ji1-yoko.png in Resources */,
				553F0CA11F277708003816E5 /* man1-66-90-s-emb.png in Resources */,
				554604071F2DC56100930EA8 /* pin7-yoko.png in Resources */,
				553F0CB31F277708003816E5 /* sou1-66-90-s-emb.png in Resources */,
				554603F11F2DC56100930EA8 /* man5-yoko.png in Resources */,
				553F0C651F276423003816E5 /* ji4-66-90-s-emb.png in Resources */,
				554604011F2DC56100930EA8 /* pin4-yoko.png in Resources */,
				553F0C181F275519003816E5 /* Assets.xcassets in Resources */,
				554603E31F2DC56000930EA8 /* ji5-yoko.png in Resources */,
				553F0CA21F277708003816E5 /* man2-66-90-s-emb.png in Resources */,
				554604081F2DC56100930EA8 /* pin8-shrink.png in Resources */,
				553F0C411F27606A003816E5 /* ji1-66-90-s-emb.png in Resources */,
				554604121F2DC56100930EA8 /* sou4-shrink.png in Resources */,
				554603E21F2DC56000930EA8 /* ji5-shrink.png in Resources */,
				554604161F2DC56100930EA8 /* sou6-shrink.png in Resources */,
				554604111F2DC56100930EA8 /* sou3-yoko.png in Resources */,
				553F0CA61F277708003816E5 /* man6-66-90-s-emb.png in Resources */,
				554603F81F2DC56100930EA8 /* man9-shrink.png in Resources */,
				554604001F2DC56100930EA8 /* pin4-shrink.png in Resources */,
				553F0C851F2764D7003816E5 /* ji6-66-90-s-yoko-emb.png in Resources */,
				554603E01F2DC56000930EA8 /* ji4-shrink.png in Resources */,
				554603E41F2DC56000930EA8 /* ji6-shrink.png in Resources */,
				553F0CA41F277708003816E5 /* man4-66-90-s-emb.png in Resources */,
				553F0CAD1F277708003816E5 /* pin4-66-90-s-emb.png in Resources */,
				554604091F2DC56100930EA8 /* pin8-yoko.png in Resources */,
				554604061F2DC56100930EA8 /* pin7-shrink.png in Resources */,
				553F0CB51F277708003816E5 /* sou3-66-90-s-emb.png in Resources */,
				554603EC1F2DC56000930EA8 /* man3-shrink.png in Resources */,
				554604181F2DC56100930EA8 /* sou7-shrink.png in Resources */,
				554603E61F2DC56000930EA8 /* ji7-shrink.png in Resources */,
				554603F01F2DC56100930EA8 /* man5-shrink.png in Resources */,
				554603E51F2DC56000930EA8 /* ji6-yoko.png in Resources */,
				554603FA1F2DC56100930EA8 /* pin1-shrink.png in Resources */,
				5546041D1F2DC56100930EA8 /* sou9-yoko.png in Resources */,
				554603ED1F2DC56000930EA8 /* man3-yoko.png in Resources */,
				553F0CB21F277708003816E5 /* pin9-66-90-s-emb.png in Resources */,
				554603F41F2DC56100930EA8 /* man7-shrink.png in Resources */,
				553F0CAC1F277708003816E5 /* pin3-66-90-s-emb.png in Resources */,
				5546041B1F2DC56100930EA8 /* sou8-yoko.png in Resources */,
				5546040D1F2DC56100930EA8 /* sou1-yoko.png in Resources */,
				554603991F2DB44500930EA8 /* default-yoko.png in Resources */,
				5546038F1F2DA29100930EA8 /* defaultPai.png in Resources */,
				554604171F2DC56100930EA8 /* sou6-yoko.png in Resources */,
				554603F91F2DC56100930EA8 /* man9-yoko.png in Resources */,
				5546040B1F2DC56100930EA8 /* pin9-yoko.png in Resources */,
				554604101F2DC56100930EA8 /* sou3-shrink.png in Resources */,
				553F0C161F275519003816E5 /* Main.storyboard in Resources */,
				553F0CA91F277708003816E5 /* man9-66-90-s-emb.png in Resources */,
				553F0C641F276423003816E5 /* ji3-66-90-s-emb.png in Resources */,
				554603DD1F2DC56000930EA8 /* ji2-yoko.png in Resources */,
				553F0C661F276423003816E5 /* ji5-66-90-s-emb.png in Resources */,
				553F0C431F2763F9003816E5 /* ji2-66-90-s-emb.png in Resources */,
				554603F71F2DC56100930EA8 /* man8-yoko.png in Resources */,
				5546040A1F2DC56100930EA8 /* pin9-shrink.png in Resources */,
				553F0CB11F277708003816E5 /* pin8-66-90-s-emb.png in Resources */,
				554603F21F2DC56100930EA8 /* man6-shrink.png in Resources */,
				554603E71F2DC56000930EA8 /* ji7-yoko.png in Resources */,
				553F0CAA1F277708003816E5 /* pin1-66-90-s-emb.png in Resources */,
			);
			runOnlyForDeploymentPostprocessing = 0;
		};
		553F0C1F1F275519003816E5 /* Resources */ = {
			isa = PBXResourcesBuildPhase;
			buildActionMask = 2147483647;
			files = (
			);
			runOnlyForDeploymentPostprocessing = 0;
		};
		553F0C2A1F275519003816E5 /* Resources */ = {
			isa = PBXResourcesBuildPhase;
			buildActionMask = 2147483647;
			files = (
			);
			runOnlyForDeploymentPostprocessing = 0;
		};
/* End PBXResourcesBuildPhase section */

/* Begin PBXSourcesBuildPhase section */
		553F0C091F275519003816E5 /* Sources */ = {
			isa = PBXSourcesBuildPhase;
			buildActionMask = 2147483647;
			files = (
				553F0C131F275519003816E5 /* ViewController.swift in Sources */,
				55FF5B431F2C9739009E9C61 /* Yaku24.swift in Sources */,
				55FF5B551F2C9CD9009E9C61 /* Kekka.swift in Sources */,
				55FF5B4F1F2C97DB009E9C61 /* Yaku2.swift in Sources */,
				555BFE961F2AFD8D005EF9D8 /* AgariHantei.swift in Sources */,
				55FF5B3D1F2C96E5009E9C61 /* Yaku64.swift in Sources */,
				55FF5B491F2C9790009E9C61 /* Yaku8.swift in Sources */,
				55FF5B4D1F2C97C8009E9C61 /* Yaku4.swift in Sources */,
				55FF5B471F2C9773009E9C61 /* Yaku12.swift in Sources */,
				55FF5B411F2C971B009E9C61 /* Yaku32.swift in Sources */,
				55FF5B451F2C9757009E9C61 /* Yaku16.swift in Sources */,
				555BFE981F2B01ED005EF9D8 /* SetDetails.swift in Sources */,
				5559DBC31F2CED6900E01C66 /*  Toitu.swift in Sources */,
				553F0C111F275519003816E5 /* AppDelegate.swift in Sources */,
				55FF5B3F1F2C9704009E9C61 /* Yaku48.swift in Sources */,
				55FF5B511F2C97F3009E9C61 /* Yaku1.swift in Sources */,
				5559DBC51F2CF9CA00E01C66 /* Tuharon.swift in Sources */,
				55FF5B531F2C982C009E9C61 /* CheckYaku.swift in Sources */,
				553959BF1F2A022400FDDE7A /* PaiSet.swift in Sources */,
				55FF5B4B1F2C97AB009E9C61 /* Yaku6.swift in Sources */,
				55FF5B3B1F2C96A8009E9C61 /* Yaku88.swift in Sources */,
			);
			runOnlyForDeploymentPostprocessing = 0;
		};
		553F0C1D1F275519003816E5 /* Sources */ = {
			isa = PBXSourcesBuildPhase;
			buildActionMask = 2147483647;
			files = (
				553F0C261F275519003816E5 /* MajanPlatformTests.swift in Sources */,
			);
			runOnlyForDeploymentPostprocessing = 0;
		};
		553F0C281F275519003816E5 /* Sources */ = {
			isa = PBXSourcesBuildPhase;
			buildActionMask = 2147483647;
			files = (
				553F0C311F275519003816E5 /* MajanPlatformUITests.swift in Sources */,
			);
			runOnlyForDeploymentPostprocessing = 0;
		};
/* End PBXSourcesBuildPhase section */

/* Begin PBXTargetDependency section */
		553F0C231F275519003816E5 /* PBXTargetDependency */ = {
			isa = PBXTargetDependency;
			target = 553F0C0C1F275519003816E5 /* MajanPlatform */;
			targetProxy = 553F0C221F275519003816E5 /* PBXContainerItemProxy */;
		};
		553F0C2E1F275519003816E5 /* PBXTargetDependency */ = {
			isa = PBXTargetDependency;
			target = 553F0C0C1F275519003816E5 /* MajanPlatform */;
			targetProxy = 553F0C2D1F275519003816E5 /* PBXContainerItemProxy */;
		};
/* End PBXTargetDependency section */

/* Begin PBXVariantGroup section */
		553F0C141F275519003816E5 /* Main.storyboard */ = {
			isa = PBXVariantGroup;
			children = (
				553F0C151F275519003816E5 /* Base */,
			);
			name = Main.storyboard;
			sourceTree = "<group>";
		};
		553F0C191F275519003816E5 /* LaunchScreen.storyboard */ = {
			isa = PBXVariantGroup;
			children = (
				553F0C1A1F275519003816E5 /* Base */,
			);
			name = LaunchScreen.storyboard;
			sourceTree = "<group>";
		};
/* End PBXVariantGroup section */

/* Begin XCBuildConfiguration section */
		553F0C331F275519003816E5 /* Debug */ = {
			isa = XCBuildConfiguration;
			buildSettings = {
				ALWAYS_SEARCH_USER_PATHS = NO;
				CLANG_ANALYZER_NONNULL = YES;
				CLANG_ANALYZER_NUMBER_OBJECT_CONVERSION = YES_AGGRESSIVE;
				CLANG_CXX_LANGUAGE_STANDARD = "gnu++0x";
				CLANG_CXX_LIBRARY = "libc++";
				CLANG_ENABLE_MODULES = YES;
				CLANG_ENABLE_OBJC_ARC = YES;
				CLANG_WARN_BOOL_CONVERSION = YES;
				CLANG_WARN_CONSTANT_CONVERSION = YES;
				CLANG_WARN_DIRECT_OBJC_ISA_USAGE = YES_ERROR;
				CLANG_WARN_DOCUMENTATION_COMMENTS = YES;
				CLANG_WARN_EMPTY_BODY = YES;
				CLANG_WARN_ENUM_CONVERSION = YES;
				CLANG_WARN_INFINITE_RECURSION = YES;
				CLANG_WARN_INT_CONVERSION = YES;
				CLANG_WARN_OBJC_ROOT_CLASS = YES_ERROR;
				CLANG_WARN_SUSPICIOUS_MOVE = YES;
				CLANG_WARN_UNREACHABLE_CODE = YES;
				CLANG_WARN__DUPLICATE_METHOD_MATCH = YES;
				"CODE_SIGN_IDENTITY[sdk=iphoneos*]" = "iPhone Developer";
				COPY_PHASE_STRIP = NO;
				DEBUG_INFORMATION_FORMAT = dwarf;
				ENABLE_STRICT_OBJC_MSGSEND = YES;
				ENABLE_TESTABILITY = YES;
				GCC_C_LANGUAGE_STANDARD = gnu99;
				GCC_DYNAMIC_NO_PIC = NO;
				GCC_NO_COMMON_BLOCKS = YES;
				GCC_OPTIMIZATION_LEVEL = 0;
				GCC_PREPROCESSOR_DEFINITIONS = (
					"DEBUG=1",
					"$(inherited)",
				);
				GCC_WARN_64_TO_32_BIT_CONVERSION = YES;
				GCC_WARN_ABOUT_RETURN_TYPE = YES_ERROR;
				GCC_WARN_UNDECLARED_SELECTOR = YES;
				GCC_WARN_UNINITIALIZED_AUTOS = YES_AGGRESSIVE;
				GCC_WARN_UNUSED_FUNCTION = YES;
				GCC_WARN_UNUSED_VARIABLE = YES;
				IPHONEOS_DEPLOYMENT_TARGET = 10.3;
				MTL_ENABLE_DEBUG_INFO = YES;
				ONLY_ACTIVE_ARCH = YES;
				SDKROOT = iphoneos;
				SWIFT_ACTIVE_COMPILATION_CONDITIONS = DEBUG;
				SWIFT_OPTIMIZATION_LEVEL = "-Onone";
				TARGETED_DEVICE_FAMILY = "1,2";
			};
			name = Debug;
		};
		553F0C341F275519003816E5 /* Release */ = {
			isa = XCBuildConfiguration;
			buildSettings = {
				ALWAYS_SEARCH_USER_PATHS = NO;
				CLANG_ANALYZER_NONNULL = YES;
				CLANG_ANALYZER_NUMBER_OBJECT_CONVERSION = YES_AGGRESSIVE;
				CLANG_CXX_LANGUAGE_STANDARD = "gnu++0x";
				CLANG_CXX_LIBRARY = "libc++";
				CLANG_ENABLE_MODULES = YES;
				CLANG_ENABLE_OBJC_ARC = YES;
				CLANG_WARN_BOOL_CONVERSION = YES;
				CLANG_WARN_CONSTANT_CONVERSION = YES;
				CLANG_WARN_DIRECT_OBJC_ISA_USAGE = YES_ERROR;
				CLANG_WARN_DOCUMENTATION_COMMENTS = YES;
				CLANG_WARN_EMPTY_BODY = YES;
				CLANG_WARN_ENUM_CONVERSION = YES;
				CLANG_WARN_INFINITE_RECURSION = YES;
				CLANG_WARN_INT_CONVERSION = YES;
				CLANG_WARN_OBJC_ROOT_CLASS = YES_ERROR;
				CLANG_WARN_SUSPICIOUS_MOVE = YES;
				CLANG_WARN_UNREACHABLE_CODE = YES;
				CLANG_WARN__DUPLICATE_METHOD_MATCH = YES;
				"CODE_SIGN_IDENTITY[sdk=iphoneos*]" = "iPhone Developer";
				COPY_PHASE_STRIP = NO;
				DEBUG_INFORMATION_FORMAT = "dwarf-with-dsym";
				ENABLE_NS_ASSERTIONS = NO;
				ENABLE_STRICT_OBJC_MSGSEND = YES;
				GCC_C_LANGUAGE_STANDARD = gnu99;
				GCC_NO_COMMON_BLOCKS = YES;
				GCC_WARN_64_TO_32_BIT_CONVERSION = YES;
				GCC_WARN_ABOUT_RETURN_TYPE = YES_ERROR;
				GCC_WARN_UNDECLARED_SELECTOR = YES;
				GCC_WARN_UNINITIALIZED_AUTOS = YES_AGGRESSIVE;
				GCC_WARN_UNUSED_FUNCTION = YES;
				GCC_WARN_UNUSED_VARIABLE = YES;
				IPHONEOS_DEPLOYMENT_TARGET = 10.3;
				MTL_ENABLE_DEBUG_INFO = NO;
				SDKROOT = iphoneos;
				SWIFT_OPTIMIZATION_LEVEL = "-Owholemodule";
				TARGETED_DEVICE_FAMILY = "1,2";
				VALIDATE_PRODUCT = YES;
			};
			name = Release;
		};
		553F0C361F275519003816E5 /* Debug */ = {
			isa = XCBuildConfiguration;
			buildSettings = {
				ASSETCATALOG_COMPILER_APPICON_NAME = AppIcon;
				DEVELOPMENT_TEAM = YUFF6F33EC;
				INFOPLIST_FILE = MajanPlatform/Info.plist;
				LD_RUNPATH_SEARCH_PATHS = "$(inherited) @executable_path/Frameworks";
				PRODUCT_BUNDLE_IDENTIFIER = chiba.Komatsu.MajanPlatform;
				PRODUCT_NAME = "$(TARGET_NAME)";
				SWIFT_VERSION = 3.0;
			};
			name = Debug;
		};
		553F0C371F275519003816E5 /* Release */ = {
			isa = XCBuildConfiguration;
			buildSettings = {
				ASSETCATALOG_COMPILER_APPICON_NAME = AppIcon;
				DEVELOPMENT_TEAM = YUFF6F33EC;
				INFOPLIST_FILE = MajanPlatform/Info.plist;
				LD_RUNPATH_SEARCH_PATHS = "$(inherited) @executable_path/Frameworks";
				PRODUCT_BUNDLE_IDENTIFIER = chiba.Komatsu.MajanPlatform;
				PRODUCT_NAME = "$(TARGET_NAME)";
				SWIFT_VERSION = 3.0;
			};
			name = Release;
		};
		553F0C391F275519003816E5 /* Debug */ = {
			isa = XCBuildConfiguration;
			buildSettings = {
				ALWAYS_EMBED_SWIFT_STANDARD_LIBRARIES = YES;
				BUNDLE_LOADER = "$(TEST_HOST)";
				INFOPLIST_FILE = MajanPlatformTests/Info.plist;
				LD_RUNPATH_SEARCH_PATHS = "$(inherited) @executable_path/Frameworks @loader_path/Frameworks";
				PRODUCT_BUNDLE_IDENTIFIER = chiba.Komatsu.MajanPlatformTests;
				PRODUCT_NAME = "$(TARGET_NAME)";
				SWIFT_VERSION = 3.0;
				TEST_HOST = "$(BUILT_PRODUCTS_DIR)/MajanPlatform.app/MajanPlatform";
			};
			name = Debug;
		};
		553F0C3A1F275519003816E5 /* Release */ = {
			isa = XCBuildConfiguration;
			buildSettings = {
				ALWAYS_EMBED_SWIFT_STANDARD_LIBRARIES = YES;
				BUNDLE_LOADER = "$(TEST_HOST)";
				INFOPLIST_FILE = MajanPlatformTests/Info.plist;
				LD_RUNPATH_SEARCH_PATHS = "$(inherited) @executable_path/Frameworks @loader_path/Frameworks";
				PRODUCT_BUNDLE_IDENTIFIER = chiba.Komatsu.MajanPlatformTests;
				PRODUCT_NAME = "$(TARGET_NAME)";
				SWIFT_VERSION = 3.0;
				TEST_HOST = "$(BUILT_PRODUCTS_DIR)/MajanPlatform.app/MajanPlatform";
			};
			name = Release;
		};
		553F0C3C1F275519003816E5 /* Debug */ = {
			isa = XCBuildConfiguration;
			buildSettings = {
				ALWAYS_EMBED_SWIFT_STANDARD_LIBRARIES = YES;
				INFOPLIST_FILE = MajanPlatformUITests/Info.plist;
				LD_RUNPATH_SEARCH_PATHS = "$(inherited) @executable_path/Frameworks @loader_path/Frameworks";
				PRODUCT_BUNDLE_IDENTIFIER = chiba.Komatsu.MajanPlatformUITests;
				PRODUCT_NAME = "$(TARGET_NAME)";
				SWIFT_VERSION = 3.0;
				TEST_TARGET_NAME = MajanPlatform;
			};
			name = Debug;
		};
		553F0C3D1F275519003816E5 /* Release */ = {
			isa = XCBuildConfiguration;
			buildSettings = {
				ALWAYS_EMBED_SWIFT_STANDARD_LIBRARIES = YES;
				INFOPLIST_FILE = MajanPlatformUITests/Info.plist;
				LD_RUNPATH_SEARCH_PATHS = "$(inherited) @executable_path/Frameworks @loader_path/Frameworks";
				PRODUCT_BUNDLE_IDENTIFIER = chiba.Komatsu.MajanPlatformUITests;
				PRODUCT_NAME = "$(TARGET_NAME)";
				SWIFT_VERSION = 3.0;
				TEST_TARGET_NAME = MajanPlatform;
			};
			name = Release;
		};
/* End XCBuildConfiguration section */

/* Begin XCConfigurationList section */
		553F0C081F275519003816E5 /* Build configuration list for PBXProject "MajanPlatform" */ = {
			isa = XCConfigurationList;
			buildConfigurations = (
				553F0C331F275519003816E5 /* Debug */,
				553F0C341F275519003816E5 /* Release */,
			);
			defaultConfigurationIsVisible = 0;
			defaultConfigurationName = Release;
		};
		553F0C351F275519003816E5 /* Build configuration list for PBXNativeTarget "MajanPlatform" */ = {
			isa = XCConfigurationList;
			buildConfigurations = (
				553F0C361F275519003816E5 /* Debug */,
				553F0C371F275519003816E5 /* Release */,
			);
			defaultConfigurationIsVisible = 0;
			defaultConfigurationName = Release;
		};
		553F0C381F275519003816E5 /* Build configuration list for PBXNativeTarget "MajanPlatformTests" */ = {
			isa = XCConfigurationList;
			buildConfigurations = (
				553F0C391F275519003816E5 /* Debug */,
				553F0C3A1F275519003816E5 /* Release */,
			);
			defaultConfigurationIsVisible = 0;
			defaultConfigurationName = Release;
		};
		553F0C3B1F275519003816E5 /* Build configuration list for PBXNativeTarget "MajanPlatformUITests" */ = {
			isa = XCConfigurationList;
			buildConfigurations = (
				553F0C3C1F275519003816E5 /* Debug */,
				553F0C3D1F275519003816E5 /* Release */,
			);
			defaultConfigurationIsVisible = 0;
			defaultConfigurationName = Release;
		};
/* End XCConfigurationList section */
	};
	rootObject = 553F0C051F275519003816E5 /* Project object */;
}
